
Microsoft Visual Studio Solution File, Format Version 12.00
# Visual Studio Version 16
VisualStudioVersion = 16.0.28803.452
MinimumVisualStudioVersion = 10.0.40219.1
Project("{FAE04EC0-301F-11D3-BF4B-00C04F79EFBC}") = "Vita", "Vita\Vita.csproj", "{0D48354A-23BC-4AA7-9231-3FB381EF80DD}"
EndProject
Global
	GlobalSection(SolutionConfigurationPlatforms) = preSolution
		Debug|Any CPU = Debug|Any CPU
		Debug|x64 = Debug|x64
		Release|Any CPU = Release|Any CPU
		Release|x64 = Release|x64
	EndGlobalSection
	GlobalSection(ProjectConfigurationPlatforms) = postSolution
		{0D48354A-23BC-4AA7-9231-3FB381EF80DD}.Debug|Any CPU.ActiveCfg = Debug|Any CPU
		{0D48354A-23BC-4AA7-9231-3FB381EF80DD}.Debug|Any CPU.Build.0 = Debug|Any CPU
		{0D48354A-23BC-4AA7-9231-3FB381EF80DD}.Debug|x64.ActiveCfg = Debug|x64
		{0D48354A-23BC-4AA7-9231-3FB381EF80DD}.Debug|x64.Build.0 = Debug|x64
		{0D48354A-23BC-4AA7-9231-3FB381EF80DD}.Release|Any CPU.ActiveCfg = Release|Any CPU
		{0D48354A-23BC-4AA7-9231-3FB381EF80DD}.Release|Any CPU.Build.0 = Release|Any CPU
		{0D48354A-23BC-4AA7-9231-3FB381EF80DD}.Release|x64.ActiveCfg = Release|x64
		{0D48354A-23BC-4AA7-9231-3FB381EF80DD}.Release|x64.Build.0 = Release|x64
	EndGlobalSection
	GlobalSection(SolutionProperties) = preSolution
		HideSolutionNode = FALSE
	EndGlobalSection
	GlobalSection(ExtensibilityGlobals) = postSolution
		SolutionGuid = {3A23D9A3-920C-4829-8AE9-2D5E894A6BE2}
	EndGlobalSection
EndGlobal
